PODS:
  - GCDWebServer (3.3.3):
    - GCDWebServer/Core (= 3.3.3)
  - GCDWebServer/Core (3.3.3)
  - lf (0.5.5):
    - XCGLogger (~> 4.0.0)
  - XCGLogger (4.0.0):
    - XCGLogger/Core (= 4.0.0)
  - XCGLogger/Core (4.0.0)

DEPENDENCIES:
  - GCDWebServer (~> 3.0)
  - lf (~> 0.5.0)

SPEC CHECKSUMS:
  GCDWebServer: 1c39a1f0763e4eb492bee021e4270fce097d3555
  lf: 87bc059fd157b04438eba0a0c9deb71f7874459f
  XCGLogger: 38063ea89b4c8b23232d18efd2e12eb0005f3ea4

PODFILE CHECKSUM: 1c2ff41beb11ce6eb6b71d848d1e54b5782b8973

COCOAPODS: 1.2.0
